# This file is generated by running "yarn install" inside your project.
# Manual changes might be lost - proceed with caution!

__metadata:
  version: 8
  cacheKey: 10c0

"@mapbox/geojson-rewind@npm:^0.5.2":
  version: 0.5.2
  resolution: "@mapbox/geojson-rewind@npm:0.5.2"
  dependencies:
    get-stream: "npm:^6.0.1"
    minimist: "npm:^1.2.6"
  bin:
    geojson-rewind: geojson-rewind
  checksum: 631f89ba5b656cb1e02197c242b231f98da0afb96815fa26481497176d6bd5f2aac77af4950da91c954094694acbc26382bd3d38146705737e8ff06442d95a12
  languageName: node
  linkType: hard

"@mapbox/jsonlint-lines-primitives@npm:^2.0.2":
  version: 2.0.2
  resolution: "@mapbox/jsonlint-lines-primitives@npm:2.0.2"
  checksum: 5814e42fc453700132f93ea742aabcef9a3c98d9bf17d4c1106f82d1dcd91bbc93052e66e29014323b9b2a41b020c743d897e4a96cc4ed2f734482d587d8c2b2
  languageName: node
  linkType: hard

"@mapbox/mapbox-gl-supported@npm:^2.0.1":
  version: 2.0.1
  resolution: "@mapbox/mapbox-gl-supported@npm:2.0.1"
  checksum: d4876381cbc2fb401851eebb5195bd2e14b08c0351e9628fb18cfa15e89ce0ab19ac98bdbe6a6c13c6de359b44e07cad0fd2189cd2bfd981a16727618204551d
  languageName: node
  linkType: hard

"@mapbox/point-geometry@npm:0.1.0, @mapbox/point-geometry@npm:^0.1.0, @mapbox/point-geometry@npm:~0.1.0":
  version: 0.1.0
  resolution: "@mapbox/point-geometry@npm:0.1.0"
  checksum: e4d861908574cb3165f5ad37b000416ebc90a2d6b3e0073191e6b6dc5074a6159d84ac5114d78557399bb429134f0d05bfb529e7902d1cb2b36d722b72ab662c
  languageName: node
  linkType: hard

"@mapbox/tiny-sdf@npm:^2.0.5":
  version: 2.0.6
  resolution: "@mapbox/tiny-sdf@npm:2.0.6"
  checksum: cb272578a30c88d6694937af9b084106aa251e92c71089e7d57b0df8152fd0ce0598d5816182a4cd478dc40b188ea680cb6d53f4385107719424beabe7ed4e13
  languageName: node
  linkType: hard

"@mapbox/unitbezier@npm:^0.0.1":
  version: 0.0.1
  resolution: "@mapbox/unitbezier@npm:0.0.1"
  checksum: 97f39d4fbdf9579d0a1a8be0d536eb113a805d36459e774014f488a7ca6cc9dcfc77ab7a2ebe5af395ad50da6efb4dbf2566de0db3f62b6b8675cddbace8f86a
  languageName: node
  linkType: hard

"@mapbox/vector-tile@npm:^1.3.1":
  version: 1.3.1
  resolution: "@mapbox/vector-tile@npm:1.3.1"
  dependencies:
    "@mapbox/point-geometry": "npm:~0.1.0"
  checksum: ffb271b95c383923768295e72bdf95e428efb906434b864ea04d3853a8373cf0de19f039bd6615f7cf018fbfb4dbf4599f27ebaa86c2b7b09f7d69187f8d7da1
  languageName: node
  linkType: hard

"@mapbox/whoots-js@npm:^3.1.0":
  version: 3.1.0
  resolution: "@mapbox/whoots-js@npm:3.1.0"
  checksum: fe9e959a9049bcbc2c05d9d1156e050191ad697a1bd95e41cdfa069051ff1d6f2930ced234a8d68d5a0bf78091feab30d76497418ec800d90f0aac8691fe4fd4
  languageName: node
  linkType: hard

"@maplibre/maplibre-gl-leaflet@npm:^0.0.20":
  version: 0.0.20
  resolution: "@maplibre/maplibre-gl-leaflet@npm:0.0.20"
  peerDependencies:
    "@types/leaflet": ^1.9.0
    leaflet: ^1.9.3
    maplibre-gl: ^2.4.0 || ^3.3.1
  checksum: 4a74e6577ee7a1ead7d8f4e9dfb71af506449ac9653b0b6a5cb9778ce1ed4f1d72b8497026be34a79dcf3cd4af77689da9f2f4071aecd0d41b1c5bace1e62fae
  languageName: node
  linkType: hard

"@types/geojson@npm:*":
  version: 7946.0.7
  resolution: "@types/geojson@npm:7946.0.7"
  checksum: ecb04e6ab835f191ea0af0e9512889b339e30968bad73ac35cf814ae2dc0b709e4ab0d8861084c69d6456b605d40b1e422fe8fb4c70d00b81bea8e6dbcf7102f
  languageName: node
  linkType: hard

"@types/geojson@npm:^7946.0.10":
  version: 7946.0.14
  resolution: "@types/geojson@npm:7946.0.14"
  checksum: 54f3997708fa2970c03eeb31f7e4540a0eb6387b15e9f8a60513a1409c23cafec8d618525404573468b59c6fecbfd053724b3327f7fca416729c26271d799f55
  languageName: node
  linkType: hard

"@types/leaflet@npm:^1.5.21":
  version: 1.5.21
  resolution: "@types/leaflet@npm:1.5.21"
  dependencies:
    "@types/geojson": "npm:*"
  checksum: 6fd6b9bbdaa40f5c36695c40b66ab94506219e485014e1dbeb95297474abaf44d461204dcb38a983d223cbde294fbf182cd2ce35a6bd2a48db1ea5f74392c1d3
  languageName: node
  linkType: hard

"@types/mapbox__point-geometry@npm:*, @types/mapbox__point-geometry@npm:^0.1.2":
  version: 0.1.4
  resolution: "@types/mapbox__point-geometry@npm:0.1.4"
  checksum: 670191664ea0a6ccb4563500fe815a9aba029ba2f0528d42f9eb560ccb44f6542ba8674e2a3f6d41bd10ad8855b4df4782b5340c980ca182ef9fe6752f2737b8
  languageName: node
  linkType: hard

"@types/mapbox__vector-tile@npm:^1.3.0":
  version: 1.3.4
  resolution: "@types/mapbox__vector-tile@npm:1.3.4"
  dependencies:
    "@types/geojson": "npm:*"
    "@types/mapbox__point-geometry": "npm:*"
    "@types/pbf": "npm:*"
  checksum: 082907ed9cf96b82327dabf3b4c3a14746a825e4a81f0abf46b50e2557f25cbda652725d8af002e5edcc344a83c85e1a4b71a2d39ef4d829c243344a85ac13a6
  languageName: node
  linkType: hard

"@types/pbf@npm:*, @types/pbf@npm:^3.0.2":
  version: 3.0.5
  resolution: "@types/pbf@npm:3.0.5"
  checksum: c32348c6c81e6c31fe4a1f59983e3a9904727b809fb1e5ddec4fad49abaf93070ec26ee0c04c6516536c181c945b3c7d9e226549eaac3b2e12cb7b57f549a49c
  languageName: node
  linkType: hard

"@types/prop-types@npm:*":
  version: 15.7.3
  resolution: "@types/prop-types@npm:15.7.3"
  checksum: 511aac811bfdba9dd1c463d6e502d852bb2196048cf861fbf48a97d883dd32c1c44ad2127a18dbb49733d9ad0aafd445d673eb50d5547ca843106835f67b5877
  languageName: node
  linkType: hard

"@types/react@npm:^16.8.6":
  version: 16.14.8
  resolution: "@types/react@npm:16.14.8"
  dependencies:
    "@types/prop-types": "npm:*"
    "@types/scheduler": "npm:*"
    csstype: "npm:^3.0.2"
  checksum: 69671e772bd891bcb2f72571cbda3c5c3442250305af6f523a96052e7f3867238d09359e0aaab8e7969f864a3bab63c28a04644b9b68fc8beb856530d96c5e66
  languageName: node
  linkType: hard

"@types/scheduler@npm:*":
  version: 0.16.1
  resolution: "@types/scheduler@npm:0.16.1"
  checksum: 78aa5a8b19b42b7b6dc1dc3fb64c1ef2cb87b685292a0951d06d15ac4de8926c9a219bd027f438c3cb701cf525cf1f233bc09a90af5488ae8b98af2ec84b656a
  languageName: node
  linkType: hard

"balanced-match@npm:^1.0.0":
  version: 1.0.2
  resolution: "balanced-match@npm:1.0.2"
  checksum: 9308baf0a7e4838a82bbfd11e01b1cb0f0cf2893bc1676c27c2a8c0e70cbae1c59120c3268517a8ae7fb6376b4639ef81ca22582611dbee4ed28df945134aaee
  languageName: node
  linkType: hard

"brace-expansion@npm:^1.1.7":
  version: 1.1.11
  resolution: "brace-expansion@npm:1.1.11"
  dependencies:
    balanced-match: "npm:^1.0.0"
    concat-map: "npm:0.0.1"
  checksum: 695a56cd058096a7cb71fb09d9d6a7070113c7be516699ed361317aca2ec169f618e28b8af352e02ab4233fb54eb0168460a40dc320bab0034b36ab59aaad668
  languageName: node
  linkType: hard

"concat-map@npm:0.0.1":
  version: 0.0.1
  resolution: "concat-map@npm:0.0.1"
  checksum: c996b1cfdf95b6c90fee4dae37e332c8b6eb7d106430c17d538034c0ad9a1630cb194d2ab37293b1bdd4d779494beee7786d586a50bd9376fd6f7bcc2bd4c98f
  languageName: node
  linkType: hard

"csscolorparser@npm:~1.0.3":
  version: 1.0.3
  resolution: "csscolorparser@npm:1.0.3"
  checksum: 57b30e1dd3e639fb74d63d3ee5a078ae6d0aaba26bc731fdec1a0f50fd77c2531a1fca2bbe07c18e0569255f92064cda0747e0115955fdb8c037332798ca634f
  languageName: node
  linkType: hard

"csstype@npm:^3.0.2":
  version: 3.0.8
  resolution: "csstype@npm:3.0.8"
  checksum: b76b31939e0d534d2128656a829512e989b739a81630217389ef47583903d42bfca180ad4fe68be6c4fd3621dcb5643e48e3b6d8df9f7802d7df4f38a9dc981f
  languageName: node
  linkType: hard

"earcut@npm:^2.2.4":
  version: 2.2.4
  resolution: "earcut@npm:2.2.4"
  checksum: 01ca51830edd2787819f904ae580087d37351f6048b4565e7add4b3da8a86b7bc19262ab2aa7fdc64129ab03af2d9cec8cccee4d230c82275f97ef285c79aafb
  languageName: node
  linkType: hard

"fs.realpath@npm:^1.0.0":
  version: 1.0.0
  resolution: "fs.realpath@npm:1.0.0"
  checksum: 444cf1291d997165dfd4c0d58b69f0e4782bfd9149fd72faa4fe299e68e0e93d6db941660b37dd29153bf7186672ececa3b50b7e7249477b03fdf850f287c948
  languageName: node
  linkType: hard

"geojson-vt@npm:^3.2.1":
  version: 3.2.1
  resolution: "geojson-vt@npm:3.2.1"
  checksum: db2fc1a452067ee8436fa86e5a138f6ebd3d64893e0af097bc1cc960ec63d67c0ce77444711e9583036192d6bf9ce754bf9b56a76789684fc0fea4d52321fffc
  languageName: node
  linkType: hard

"get-stream@npm:^6.0.1":
  version: 6.0.1
  resolution: "get-stream@npm:6.0.1"
  checksum: 49825d57d3fd6964228e6200a58169464b8e8970489b3acdc24906c782fb7f01f9f56f8e6653c4a50713771d6658f7cfe051e5eb8c12e334138c9c918b296341
  languageName: node
  linkType: hard

"gl-matrix@npm:^3.4.3":
  version: 3.4.3
  resolution: "gl-matrix@npm:3.4.3"
  checksum: c8ee6e2ce2d089b4ba4ae13ec9d4cb99bf2abe5f68f0cb08d94bbd8bafbec13aacc7230b86539ce5ca01b79226ea8c3194f971f5ca0c81838bc5e4e619dc398e
  languageName: node
  linkType: hard

"glob@npm:^7.1.3":
  version: 7.1.7
  resolution: "glob@npm:7.1.7"
  dependencies:
    fs.realpath: "npm:^1.0.0"
    inflight: "npm:^1.0.4"
    inherits: "npm:2"
    minimatch: "npm:^3.0.4"
    once: "npm:^1.3.0"
    path-is-absolute: "npm:^1.0.0"
  checksum: 173245e6f9ccf904309eb7ef4a44a11f3bf68e9e341dff5a28b5db0dd7123b7506daf41497f3437a0710f57198187b758c2351eeaabce4d16935e956920da6a4
  languageName: node
  linkType: hard

"global-prefix@npm:^3.0.0":
  version: 3.0.0
  resolution: "global-prefix@npm:3.0.0"
  dependencies:
    ini: "npm:^1.3.5"
    kind-of: "npm:^6.0.2"
    which: "npm:^1.3.1"
  checksum: 510f489fb68d1cc7060f276541709a0ee6d41356ef852de48f7906c648ac223082a1cc8fce86725ca6c0e032bcdc1189ae77b4744a624b29c34a9d0ece498269
  languageName: node
  linkType: hard

"ieee754@npm:^1.1.12":
  version: 1.2.1
  resolution: "ieee754@npm:1.2.1"
  checksum: b0782ef5e0935b9f12883a2e2aa37baa75da6e66ce6515c168697b42160807d9330de9a32ec1ed73149aea02e0d822e572bca6f1e22bdcbd2149e13b050b17bb
  languageName: node
  linkType: hard

"inflight@npm:^1.0.4":
  version: 1.0.6
  resolution: "inflight@npm:1.0.6"
  dependencies:
    once: "npm:^1.3.0"
    wrappy: "npm:1"
  checksum: 7faca22584600a9dc5b9fca2cd5feb7135ac8c935449837b315676b4c90aa4f391ec4f42240178244b5a34e8bede1948627fda392ca3191522fc46b34e985ab2
  languageName: node
  linkType: hard

"inherits@npm:2":
  version: 2.0.4
  resolution: "inherits@npm:2.0.4"
  checksum: 4e531f648b29039fb7426fb94075e6545faa1eb9fe83c29f0b6d9e7263aceb4289d2d4557db0d428188eeb449cc7c5e77b0a0b2c4e248ff2a65933a0dee49ef2
  languageName: node
  linkType: hard

"ini@npm:^1.3.5":
  version: 1.3.8
  resolution: "ini@npm:1.3.8"
  checksum: ec93838d2328b619532e4f1ff05df7909760b6f66d9c9e2ded11e5c1897d6f2f9980c54dd638f88654b00919ce31e827040631eab0a3969e4d1abefa0719516a
  languageName: node
  linkType: hard

"isexe@npm:^2.0.0":
  version: 2.0.0
  resolution: "isexe@npm:2.0.0"
  checksum: 228cfa503fadc2c31596ab06ed6aa82c9976eec2bfd83397e7eaf06d0ccf42cd1dfd6743bf9aeb01aebd4156d009994c5f76ea898d2832c1fe342da923ca457d
  languageName: node
  linkType: hard

"kdbush@npm:^3.0.0":
  version: 3.0.0
  resolution: "kdbush@npm:3.0.0"
  checksum: 3fc8795870bd04f60627e7345b26fd0644beb91bc4164912c9d9378b39c674ba01c31db68ecaf6266d51c9ad81bf5b770b7effa51eeee37553d38293a094a686
  languageName: node
  linkType: hard

"kind-of@npm:^6.0.2":
  version: 6.0.3
  resolution: "kind-of@npm:6.0.3"
  checksum: 61cdff9623dabf3568b6445e93e31376bee1cdb93f8ba7033d86022c2a9b1791a1d9510e026e6465ebd701a6dd2f7b0808483ad8838341ac52f003f512e0b4c4
  languageName: node
  linkType: hard

"maplibre-gl@npm:^2.2.1":
  version: 2.4.0
  resolution: "maplibre-gl@npm:2.4.0"
  dependencies:
    "@mapbox/geojson-rewind": "npm:^0.5.2"
    "@mapbox/jsonlint-lines-primitives": "npm:^2.0.2"
    "@mapbox/mapbox-gl-supported": "npm:^2.0.1"
    "@mapbox/point-geometry": "npm:^0.1.0"
    "@mapbox/tiny-sdf": "npm:^2.0.5"
    "@mapbox/unitbezier": "npm:^0.0.1"
    "@mapbox/vector-tile": "npm:^1.3.1"
    "@mapbox/whoots-js": "npm:^3.1.0"
    "@types/geojson": "npm:^7946.0.10"
    "@types/mapbox__point-geometry": "npm:^0.1.2"
    "@types/mapbox__vector-tile": "npm:^1.3.0"
    "@types/pbf": "npm:^3.0.2"
    csscolorparser: "npm:~1.0.3"
    earcut: "npm:^2.2.4"
    geojson-vt: "npm:^3.2.1"
    gl-matrix: "npm:^3.4.3"
    global-prefix: "npm:^3.0.0"
    murmurhash-js: "npm:^1.0.0"
    pbf: "npm:^3.2.1"
    potpack: "npm:^1.0.2"
    quickselect: "npm:^2.0.0"
    supercluster: "npm:^7.1.5"
    tinyqueue: "npm:^2.0.3"
    vt-pbf: "npm:^3.1.3"
  checksum: 98d5860fb222e836b06e9f66635fb9559df0c3abc39180a0ddd5c4f2b21eb68243716b95148bd51f3dce6a3d4fa7aa97546d4e29162991c1317062f1434ba38d
  languageName: node
  linkType: hard

"minimatch@npm:^3.0.4":
  version: 3.0.4
  resolution: "minimatch@npm:3.0.4"
  dependencies:
    brace-expansion: "npm:^1.1.7"
  checksum: d0a2bcd93ebec08a9eef3ca83ba33c9fb6feb93932e0b4dc6aa46c5f37a9404bea7ad9ff7cafe23ce6634f1fe3b206f5315ecbb05812da6e692c21d8ecfd3dae
  languageName: node
  linkType: hard

"minimist@npm:^1.2.6":
  version: 1.2.8
  resolution: "minimist@npm:1.2.8"
  checksum: 19d3fcdca050087b84c2029841a093691a91259a47def2f18222f41e7645a0b7c44ef4b40e88a1e58a40c84d2ef0ee6047c55594d298146d0eb3f6b737c20ce6
  languageName: node
  linkType: hard

"murmurhash-js@npm:^1.0.0":
  version: 1.0.0
  resolution: "murmurhash-js@npm:1.0.0"
  checksum: f8569e16db0ba6f953bf88286e97cf737f1efe97b224e537c9308566ab963a067c7eca5b636fb473d6413c4cc3b79690b78ff7ab0f290e75db91c6fde0df92b4
  languageName: node
  linkType: hard

"once@npm:^1.3.0":
  version: 1.4.0
  resolution: "once@npm:1.4.0"
  dependencies:
    wrappy: "npm:1"
  checksum: 5d48aca287dfefabd756621c5dfce5c91a549a93e9fdb7b8246bc4c4790aa2ec17b34a260530474635147aeb631a2dcc8b32c613df0675f96041cbb8244517d0
  languageName: node
  linkType: hard

"path-is-absolute@npm:^1.0.0":
  version: 1.0.1
  resolution: "path-is-absolute@npm:1.0.1"
  checksum: 127da03c82172a2a50099cddbf02510c1791fc2cc5f7713ddb613a56838db1e8168b121a920079d052e0936c23005562059756d653b7c544c53185efe53be078
  languageName: node
  linkType: hard

"pbf@npm:^3.2.1":
  version: 3.2.1
  resolution: "pbf@npm:3.2.1"
  dependencies:
    ieee754: "npm:^1.1.12"
    resolve-protobuf-schema: "npm:^2.1.0"
  bin:
    pbf: bin/pbf
  checksum: 63b4a27749a9b5a3cf4260d75f9d91ad8d8b326bcdd2bfafd9460a94d0a297a80f80c70d5481213d6c4ebf03c027aca0ac9287c7d8217d327a6d0456f23b9d3c
  languageName: node
  linkType: hard

"potpack@npm:^1.0.2":
  version: 1.0.2
  resolution: "potpack@npm:1.0.2"
  checksum: 670c23898a4257130858b960c2e654d3327c0f6a7e7091ff5846f213e65af8f9476320b995b8ad561a47a4d1c359c7ef347de57d22e7b02597051abb52bc85c4
  languageName: node
  linkType: hard

"protocol-buffers-schema@npm:^3.3.1":
  version: 3.5.1
  resolution: "protocol-buffers-schema@npm:3.5.1"
  checksum: 953a3009bcc7ce7b96d8bb9a5835b15da679243e93d1f6aa13cfa04f8b856e19a221e38e0ce48f3ab178f12764229ce01b68f03198a9efb69e974b3996c57e9c
  languageName: node
  linkType: hard

"quickselect@npm:^2.0.0":
  version: 2.0.0
  resolution: "quickselect@npm:2.0.0"
  checksum: 6c8d591bc73beae4c1996b7b7138233a7dbbbdde29b7b6d822a02d08cd220fd27613f47d6e9635989b12e250d42ef9da3448de1ed12ad962974e207ab3c3562c
  languageName: node
  linkType: hard

"react-leaflet-vector-tile-layer@workspace:.":
  version: 0.0.0-use.local
  resolution: "react-leaflet-vector-tile-layer@workspace:."
  dependencies:
    "@maplibre/maplibre-gl-leaflet": "npm:^0.0.20"
    "@types/leaflet": "npm:^1.5.21"
    "@types/react": "npm:^16.8.6"
    maplibre-gl: "npm:^2.2.1"
    rimraf: "npm:^3.0.2"
    typescript: "npm:^4.1.3"
    uglify-js: "npm:^3.12.5"
  peerDependencies:
    react-leaflet: ^3.0.0 || ^4.0.0
  languageName: unknown
  linkType: soft

"resolve-protobuf-schema@npm:^2.1.0":
  version: 2.1.0
  resolution: "resolve-protobuf-schema@npm:2.1.0"
  dependencies:
    protocol-buffers-schema: "npm:^3.3.1"
  checksum: 8e656b9072b1c001952f851251413bc79d8c771c3015f607b75e1ca3b8bd7c4396068dd19cdbb3019affa03f6457d2c0fd38d981ffd714215cd2e7c2b67221a7
  languageName: node
  linkType: hard

"rimraf@npm:^3.0.2":
  version: 3.0.2
  resolution: "rimraf@npm:3.0.2"
  dependencies:
    glob: "npm:^7.1.3"
  bin:
    rimraf: bin.js
  checksum: 9cb7757acb489bd83757ba1a274ab545eafd75598a9d817e0c3f8b164238dd90eba50d6b848bd4dcc5f3040912e882dc7ba71653e35af660d77b25c381d402e8
  languageName: node
  linkType: hard

"supercluster@npm:^7.1.5":
  version: 7.1.5
  resolution: "supercluster@npm:7.1.5"
  dependencies:
    kdbush: "npm:^3.0.0"
  checksum: bbebf45927d0019831731c94b78d1c9a1f3e2da0be9875d7ea75c6f261487e0f15d3f1822a9a49256e3c1672bdfb9138f9a5e44e2de99edb06cd1e758083e12d
  languageName: node
  linkType: hard

"tinyqueue@npm:^2.0.3":
  version: 2.0.3
  resolution: "tinyqueue@npm:2.0.3"
  checksum: d7b590088f015a94a17132fa209c2f2a80c45158259af5474901fdf5932e95ea13ff6f034bcc725a6d5f66d3e5b888b048c310229beb25ad5bebb4f0a635abf2
  languageName: node
  linkType: hard

"typescript@npm:^4.1.3":
  version: 4.1.3
  resolution: "typescript@npm:4.1.3"
  bin:
    tsc: bin/tsc
    tsserver: bin/tsserver
  checksum: 0d0480d79f05d4c671c976063cd13d915e0eec317b79784b16540812579bb4e4b6f86a58239a4e87a222642bc3db02a22a0c6631d6fb160d6719868dd782f9de
  languageName: node
  linkType: hard

"typescript@patch:typescript@npm%3A^4.1.3#optional!builtin<compat/typescript>":
  version: 4.1.3
  resolution: "typescript@patch:typescript@npm%3A4.1.3#optional!builtin<compat/typescript>::version=4.1.3&hash=4a8eb8"
  bin:
    tsc: bin/tsc
    tsserver: bin/tsserver
  checksum: 9d97bbc0673b596a6fffbb73a3e0175d20fd19babd05a945b3277314500136bb8cf409634d8a0b6f7d3d8d5c997b4e22bec7373a313a0d1f2a97e420ab4bc088
  languageName: node
  linkType: hard

"uglify-js@npm:^3.12.5":
  version: 3.12.5
  resolution: "uglify-js@npm:3.12.5"
  bin:
    uglifyjs: bin/uglifyjs
  checksum: 70ad4f9136f5d836821102f30e2604d4859cbce183fa5f66aaa67a49126bdd518229870505a7660f1d386c25df394b3f2b789fe5866a473cbd69103b492883bf
  languageName: node
  linkType: hard

"vt-pbf@npm:^3.1.3":
  version: 3.1.3
  resolution: "vt-pbf@npm:3.1.3"
  dependencies:
    "@mapbox/point-geometry": "npm:0.1.0"
    "@mapbox/vector-tile": "npm:^1.3.1"
    pbf: "npm:^3.2.1"
  checksum: a568801ae25f0ffe65ef697bf520c996c8a4067f73f355c0d5815238de90322c8ca207c61220206141cfe6f5b525de875b7eb26e22979a1b768b96d03b93dca7
  languageName: node
  linkType: hard

"which@npm:^1.3.1":
  version: 1.3.1
  resolution: "which@npm:1.3.1"
  dependencies:
    isexe: "npm:^2.0.0"
  bin:
    which: ./bin/which
  checksum: e945a8b6bbf6821aaaef7f6e0c309d4b615ef35699576d5489b4261da9539f70393c6b2ce700ee4321c18f914ebe5644bc4631b15466ffbaad37d83151f6af59
  languageName: node
  linkType: hard

"wrappy@npm:1":
  version: 1.0.2
  resolution: "wrappy@npm:1.0.2"
  checksum: 56fece1a4018c6a6c8e28fbc88c87e0fbf4ea8fd64fc6c63b18f4acc4bd13e0ad2515189786dd2c30d3eec9663d70f4ecf699330002f8ccb547e4a18231fc9f0
  languageName: node
  linkType: hard
